
Microsoft Visual Studio Solution File, Format Version 11.00
# Visual Studio 2010
Project("{FAE04EC0-301F-11D3-BF4B-00C04F79EFBC}") = "Passcus", "Passcus\Passcus.csproj", "{E84835F9-88AE-4BD7-9444-04A3C2B57230}"
EndProject
Global
	GlobalSection(SolutionConfigurationPlatforms) = preSolution
		Debug|x86 = Debug|x86
		Release|x86 = Release|x86
	EndGlobalSection
	GlobalSection(ProjectConfigurationPlatforms) = postSolution
		{E84835F9-88AE-4BD7-9444-04A3C2B57230}.Debug|x86.ActiveCfg = Debug|x86
		{E84835F9-88AE-4BD7-9444-04A3C2B57230}.Debug|x86.Build.0 = Debug|x86
		{E84835F9-88AE-4BD7-9444-04A3C2B57230}.Release|x86.ActiveCfg = Release|x86
		{E84835F9-88AE-4BD7-9444-04A3C2B57230}.Release|x86.Build.0 = Release|x86
	EndGlobalSection
	GlobalSection(SolutionProperties) = preSolution
		HideSolutionNode = FALSE
	EndGlobalSection
EndGlobal
